
Microsoft Visual Studio Solution File, Format Version 12.00
# Visual Studio Version 17
VisualStudioVersion = 17.2.32616.157
MinimumVisualStudioVersion = 10.0.40219.1
Project("{FAE04EC0-301F-11D3-BF4B-00C04F79EFBC}") = "MwiesStore", "MwiesStore\MwiesStore.csproj", "{09B266C8-7F7B-4CBB-9B26-4E4E1AC2AB13}"
EndProject
Global
	GlobalSection(SolutionConfigurationPlatforms) = preSolution
		Debug|Any CPU = Debug|Any CPU
		Release|Any CPU = Release|Any CPU
	EndGlobalSection
	GlobalSection(ProjectConfigurationPlatforms) = postSolution
		{09B266C8-7F7B-4CBB-9B26-4E4E1AC2AB13}.Debug|Any CPU.ActiveCfg = Debug|Any CPU
		{09B266C8-7F7B-4CBB-9B26-4E4E1AC2AB13}.Debug|Any CPU.Build.0 = Debug|Any CPU
		{09B266C8-7F7B-4CBB-9B26-4E4E1AC2AB13}.Release|Any CPU.ActiveCfg = Release|Any CPU
		{09B266C8-7F7B-4CBB-9B26-4E4E1AC2AB13}.Release|Any CPU.Build.0 = Release|Any CPU
	EndGlobalSection
	GlobalSection(SolutionProperties) = preSolution
		HideSolutionNode = FALSE
	EndGlobalSection
	GlobalSection(ExtensibilityGlobals) = postSolution
		SolutionGuid = {EB880A25-801A-466B-A75E-FA709E3393B9}
	EndGlobalSection
EndGlobal
